
Microsoft Visual Studio Solution File, Format Version 12.00
# Visual Studio Version 17
VisualStudioVersion = 17.9.34728.123
MinimumVisualStudioVersion = 10.0.40219.1
Project("{FAE04EC0-301F-11D3-BF4B-00C04F79EFBC}") = "BlazorApp2", "BlazorApp2.csproj", "{F25D7761-CB21-4EBE-B4C9-A0D35EB7FDC4}"
EndProject
Global
	GlobalSection(SolutionConfigurationPlatforms) = preSolution
		Debug|Any CPU = Debug|Any CPU
		Release|Any CPU = Release|Any CPU
	EndGlobalSection
	GlobalSection(ProjectConfigurationPlatforms) = postSolution
		{F25D7761-CB21-4EBE-B4C9-A0D35EB7FDC4}.Debug|Any CPU.ActiveCfg = Debug|Any CPU
		{F25D7761-CB21-4EBE-B4C9-A0D35EB7FDC4}.Debug|Any CPU.Build.0 = Debug|Any CPU
		{F25D7761-CB21-4EBE-B4C9-A0D35EB7FDC4}.Release|Any CPU.ActiveCfg = Release|Any CPU
		{F25D7761-CB21-4EBE-B4C9-A0D35EB7FDC4}.Release|Any CPU.Build.0 = Release|Any CPU
	EndGlobalSection
	GlobalSection(SolutionProperties) = preSolution
		HideSolutionNode = FALSE
	EndGlobalSection
	GlobalSection(ExtensibilityGlobals) = postSolution
		SolutionGuid = {F3E99996-6B4C-4F92-8E49-DBDB5BB82F6D}
	EndGlobalSection
EndGlobal
